
Microsoft Visual Studio Solution File, Format Version 12.00
# Visual Studio Version 17
VisualStudioVersion = 17.7.34018.315
MinimumVisualStudioVersion = 10.0.40219.1
Project("{FAE04EC0-301F-11D3-BF4B-00C04F79EFBC}") = "CqrsMediatrExample", "CqrsMediatrExample\CqrsMediatrExample.csproj", "{F5E8818E-043E-4D84-85E2-93A29BAFE41D}"
EndProject
Global
	GlobalSection(SolutionConfigurationPlatforms) = preSolution
		Debug|Any CPU = Debug|Any CPU
		Release|Any CPU = Release|Any CPU
	EndGlobalSection
	GlobalSection(ProjectConfigurationPlatforms) = postSolution
		{F5E8818E-043E-4D84-85E2-93A29BAFE41D}.Debug|Any CPU.ActiveCfg = Debug|Any CPU
		{F5E8818E-043E-4D84-85E2-93A29BAFE41D}.Debug|Any CPU.Build.0 = Debug|Any CPU
		{F5E8818E-043E-4D84-85E2-93A29BAFE41D}.Release|Any CPU.ActiveCfg = Release|Any CPU
		{F5E8818E-043E-4D84-85E2-93A29BAFE41D}.Release|Any CPU.Build.0 = Release|Any CPU
	EndGlobalSection
	GlobalSection(SolutionProperties) = preSolution
		HideSolutionNode = FALSE
	EndGlobalSection
	GlobalSection(ExtensibilityGlobals) = postSolution
		SolutionGuid = {2E558569-1D32-4238-8367-B6F9141899A9}
	EndGlobalSection
EndGlobal
